
Microsoft Visual Studio Solution File, Format Version 12.00
# Visual Studio Express 2012 for Windows Desktop
Project("{FAE04EC0-301F-11D3-BF4B-00C04F79EFBC}") = "LurkClient", "LurkClient\LurkClient.csproj", "{50A8AAEF-44C8-45C3-A8C0-8F63BE428DC1}"
EndProject
Global
	GlobalSection(SolutionConfigurationPlatforms) = preSolution
		Debug|Any CPU = Debug|Any CPU
		Release|Any CPU = Release|Any CPU
	EndGlobalSection
	GlobalSection(ProjectConfigurationPlatforms) = postSolution
		{50A8AAEF-44C8-45C3-A8C0-8F63BE428DC1}.Debug|Any CPU.ActiveCfg = Debug|Any CPU
		{50A8AAEF-44C8-45C3-A8C0-8F63BE428DC1}.Debug|Any CPU.Build.0 = Debug|Any CPU
		{50A8AAEF-44C8-45C3-A8C0-8F63BE428DC1}.Release|Any CPU.ActiveCfg = Release|Any CPU
		{50A8AAEF-44C8-45C3-A8C0-8F63BE428DC1}.Release|Any CPU.Build.0 = Release|Any CPU
	EndGlobalSection
	GlobalSection(SolutionProperties) = preSolution
		HideSolutionNode = FALSE
	EndGlobalSection
EndGlobal
